// !$*UTF8*$!
{
	archiveVersion = 1;
	classes = {
	};
	objectVersion = 46;
	objects = {

/* Begin PBXBuildFile section */
		35E5CF2C1D74BBE100B52EF3 /* AppDelegate.swift in Sources */ = {isa = PBXBuildFile; fileRef = 35E5CF2B1D74BBE100B52EF3 /* AppDelegate.swift */; };
		35E5CF2E1D74BBE100B52EF3 /* Assets.xcassets in Resources */ = {isa = PBXBuildFile; fileRef = 35E5CF2D1D74BBE100B52EF3 /* Assets.xcassets */; };
		35E5CF311D74BBE100B52EF3 /* MainMenu.xib in Resources */ = {isa = PBXBuildFile; fileRef = 35E5CF2F1D74BBE100B52EF3 /* MainMenu.xib */; };
		35E5CF391D74BC3C00B52EF3 /* KeyboardBacklight.swift in Sources */ = {isa = PBXBuildFile; fileRef = 35E5CF381D74BC3C00B52EF3 /* KeyboardBacklight.swift */; };
/* End PBXBuildFile section */

/* Begin PBXFileReference section */
		35E5CF281D74BBE100B52EF3 /* SuperCapsLock.app */ = {isa = PBXFileReference; explicitFileType = wrapper.application; includeInIndex = 0; path = SuperCapsLock.app; sourceTree = BUILT_PRODUCTS_DIR; };
		35E5CF2B1D74BBE100B52EF3 /* AppDelegate.swift */ = {isa = PBXFileReference; lastKnownFileType = sourcecode.swift; path = AppDelegate.swift; sourceTree = "<group>"; };
		35E5CF2D1D74BBE100B52EF3 /* Assets.xcassets */ = {isa = PBXFileReference; lastKnownFileType = folder.assetcatalog; path = Assets.xcassets; sourceTree = "<group>"; };
		35E5CF301D74BBE100B52EF3 /* Base */ = {isa = PBXFileReference; lastKnownFileType = file.xib; name = Base; path = Base.lproj/MainMenu.xib; sourceTree = "<group>"; };
		35E5CF321D74BBE100B52EF3 /* Info.plist */ = {isa = PBXFileReference; lastKnownFileType = text.plist.xml; path = Info.plist; sourceTree = "<group>"; };
		35E5CF381D74BC3C00B52EF3 /* KeyboardBacklight.swift */ = {isa = PBXFileReference; fileEncoding = 4; lastKnownFileType = sourcecode.swift; path = KeyboardBacklight.swift; sourceTree = "<group>"; };
/* End PBXFileReference section */

/* Begin PBXFrameworksBuildPhase section */
		35E5CF251D74BBE100B52EF3 /* Frameworks */ = {
			isa = PBXFrameworksBuildPhase;
			buildActionMask = 2147483647;
			files = (
			);
			runOnlyForDeploymentPostprocessing = 0;
		};
/* End PBXFrameworksBuildPhase section */

/* Begin PBXGroup section */
		35E5CF1F1D74BBE100B52EF3 = {
			isa = PBXGroup;
			children = (
				35E5CF2A1D74BBE100B52EF3 /* SuperCapsLock */,
				35E5CF291D74BBE100B52EF3 /* Products */,
			);
			sourceTree = "<group>";
		};
		35E5CF291D74BBE100B52EF3 /* Products */ = {
			isa = PBXGroup;
			children = (
				35E5CF281D74BBE100B52EF3 /* SuperCapsLock.app */,
			);
			name = Products;
			sourceTree = "<group>";
		};
		35E5CF2A1D74BBE100B52EF3 /* SuperCapsLock */ = {
			isa = PBXGroup;
			children = (
				35E5CF2B1D74BBE100B52EF3 /* AppDelegate.swift */,
				35E5CF381D74BC3C00B52EF3 /* KeyboardBacklight.swift */,
				35E5CF2D1D74BBE100B52EF3 /* Assets.xcassets */,
				35E5CF2F1D74BBE100B52EF3 /* MainMenu.xib */,
				35E5CF321D74BBE100B52EF3 /* Info.plist */,
			);
			name = SuperCapsLock;
			path = CapsLockLight;
			sourceTree = "<group>";
		};
/* End PBXGroup section */

/* Begin PBXNativeTarget section */
		35E5CF271D74BBE100B52EF3 /* SuperCapsLock */ = {
			isa = PBXNativeTarget;
			buildConfigurationList = 35E5CF351D74BBE100B52EF3 /* Build configuration list for PBXNativeTarget "SuperCapsLock" */;
			buildPhases = (
				35E5CF241D74BBE100B52EF3 /* Sources */,
				35E5CF251D74BBE100B52EF3 /* Frameworks */,
				35E5CF261D74BBE100B52EF3 /* Resources */,
			);
			buildRules = (
			);
			dependencies = (
			);
			name = SuperCapsLock;
			productName = CapsLockLight;
			productReference = 35E5CF281D74BBE100B52EF3 /* SuperCapsLock.app */;
			productType = "com.apple.product-type.application";
		};
/* End PBXNativeTarget section */

/* Begin PBXProject section */
		35E5CF201D74BBE100B52EF3 /* Project object */ = {
			isa = PBXProject;
			attributes = {
				LastSwiftUpdateCheck = 0730;
				LastUpgradeCheck = 0730;
				ORGANIZATIONNAME = "Fredrik Josefsson";
				TargetAttributes = {
					35E5CF271D74BBE100B52EF3 = {
						CreatedOnToolsVersion = 7.3.1;
						DevelopmentTeam = 5R7N236Z28;
					};
				};
			};
			buildConfigurationList = 35E5CF231D74BBE100B52EF3 /* Build configuration list for PBXProject "SuperCapsLock" */;
			compatibilityVersion = "Xcode 3.2";
			developmentRegion = English;
			hasScannedForEncodings = 0;
			knownRegions = (
				en,
				Base,
			);
			mainGroup = 35E5CF1F1D74BBE100B52EF3;
			productRefGroup = 35E5CF291D74BBE100B52EF3 /* Products */;
			projectDirPath = "";
			projectRoot = "";
			targets = (
				35E5CF271D74BBE100B52EF3 /* SuperCapsLock */,
			);
		};
/* End PBXProject section */

/* Begin PBXResourcesBuildPhase section */
		35E5CF261D74BBE100B52EF3 /* Resources */ = {
			isa = PBXResourcesBuildPhase;
			buildActionMask = 2147483647;
			files = (
				35E5CF2E1D74BBE100B52EF3 /* Assets.xcassets in Resources */,
				35E5CF311D74BBE100B52EF3 /* MainMenu.xib in Resources */,
			);
			runOnlyForDeploymentPostprocessing = 0;
		};
/* End PBXResourcesBuildPhase section */

/* Begin PBXSourcesBuildPhase section */
		35E5CF241D74BBE100B52EF3 /* Sources */ = {
			isa = PBXSourcesBuildPhase;
			buildActionMask = 2147483647;
			files = (
				35E5CF391D74BC3C00B52EF3 /* KeyboardBacklight.swift in Sources */,
				35E5CF2C1D74BBE100B52EF3 /* AppDelegate.swift in Sources */,
			);
			runOnlyForDeploymentPostprocessing = 0;
		};
/* End PBXSourcesBuildPhase section */

/* Begin PBXVariantGroup section */
		35E5CF2F1D74BBE100B52EF3 /* MainMenu.xib */ = {
			isa = PBXVariantGroup;
			children = (
				35E5CF301D74BBE100B52EF3 /* Base */,
			);
			name = MainMenu.xib;
			sourceTree = "<group>";
		};
/* End PBXVariantGroup section */

/* Begin XCBuildConfiguration section */
		35E5CF331D74BBE100B52EF3 /* Debug */ = {
			isa = XCBuildConfiguration;
			buildSettings = {
				ALWAYS_SEARCH_USER_PATHS = NO;
				CLANG_ANALYZER_NONNULL = YES;
				CLANG_CXX_LANGUAGE_STANDARD = "gnu++0x";
				CLANG_CXX_LIBRARY = "libc++";
				CLANG_ENABLE_MODULES = YES;
				CLANG_ENABLE_OBJC_ARC = YES;
				CLANG_WARN_BOOL_CONVERSION = YES;
				CLANG_WARN_CONSTANT_CONVERSION = YES;
				CLANG_WARN_DIRECT_OBJC_ISA_USAGE = YES_ERROR;
				CLANG_WARN_EMPTY_BODY = YES;
				CLANG_WARN_ENUM_CONVERSION = YES;
				CLANG_WARN_INT_CONVERSION = YES;
				CLANG_WARN_OBJC_ROOT_CLASS = YES_ERROR;
				CLANG_WARN_UNREACHABLE_CODE = YES;
				CLANG_WARN__DUPLICATE_METHOD_MATCH = YES;
				CODE_SIGN_IDENTITY = "-";
				COPY_PHASE_STRIP = NO;
				DEBUG_INFORMATION_FORMAT = dwarf;
				ENABLE_STRICT_OBJC_MSGSEND = YES;
				ENABLE_TESTABILITY = YES;
				GCC_C_LANGUAGE_STANDARD = gnu99;
				GCC_DYNAMIC_NO_PIC = NO;
				GCC_NO_COMMON_BLOCKS = YES;
				GCC_OPTIMIZATION_LEVEL = 0;
				GCC_PREPROCESSOR_DEFINITIONS = (
					"DEBUG=1",
					"$(inherited)",
				);
				GCC_WARN_64_TO_32_BIT_CONVERSION = YES;
				GCC_WARN_ABOUT_RETURN_TYPE = YES_ERROR;
				GCC_WARN_UNDECLARED_SELECTOR = YES;
				GCC_WARN_UNINITIALIZED_AUTOS = YES_AGGRESSIVE;
				GCC_WARN_UNUSED_FUNCTION = YES;
				GCC_WARN_UNUSED_VARIABLE = YES;
				MACOSX_DEPLOYMENT_TARGET = 10.11;
				MTL_ENABLE_DEBUG_INFO = YES;
				ONLY_ACTIVE_ARCH = YES;
				SDKROOT = macosx;
				SWIFT_OPTIMIZATION_LEVEL = "-Onone";
			};
			name = Debug;
		};
		35E5CF341D74BBE100B52EF3 /* Release */ = {
			isa = XCBuildConfiguration;
			buildSettings = {
				ALWAYS_SEARCH_USER_PATHS = NO;
				CLANG_ANALYZER_NONNULL = YES;
				CLANG_CXX_LANGUAGE_STANDARD = "gnu++0x";
				CLANG_CXX_LIBRARY = "libc++";
				CLANG_ENABLE_MODULES = YES;
				CLANG_ENABLE_OBJC_ARC = YES;
				CLANG_WARN_BOOL_CONVERSION = YES;
				CLANG_WARN_CONSTANT_CONVERSION = YES;
				CLANG_WARN_DIRECT_OBJC_ISA_USAGE = YES_ERROR;
				CLANG_WARN_EMPTY_BODY = YES;
				CLANG_WARN_ENUM_CONVERSION = YES;
				CLANG_WARN_INT_CONVERSION = YES;
				CLANG_WARN_OBJC_ROOT_CLASS = YES_ERROR;
				CLANG_WARN_UNREACHABLE_CODE = YES;
				CLANG_WARN__DUPLICATE_METHOD_MATCH = YES;
				CODE_SIGN_IDENTITY = "-";
				COPY_PHASE_STRIP = NO;
				DEBUG_INFORMATION_FORMAT = "dwarf-with-dsym";
				ENABLE_NS_ASSERTIONS = NO;
				ENABLE_STRICT_OBJC_MSGSEND = YES;
				GCC_C_LANGUAGE_STANDARD = gnu99;
				GCC_NO_COMMON_BLOCKS = YES;
				GCC_WARN_64_TO_32_BIT_CONVERSION = YES;
				GCC_WARN_ABOUT_RETURN_TYPE = YES_ERROR;
				GCC_WARN_UNDECLARED_SELECTOR = YES;
				GCC_WARN_UNINITIALIZED_AUTOS = YES_AGGRESSIVE;
				GCC_WARN_UNUSED_FUNCTION = YES;
				GCC_WARN_UNUSED_VARIABLE = YES;
				MACOSX_DEPLOYMENT_TARGET = 10.11;
				MTL_ENABLE_DEBUG_INFO = NO;
				SDKROOT = macosx;
			};
			name = Release;
		};
		35E5CF361D74BBE100B52EF3 /* Debug */ = {
			isa = XCBuildConfiguration;
			buildSettings = {
				ASSETCATALOG_COMPILER_APPICON_NAME = AppIcon;
				CODE_SIGN_IDENTITY = "Developer ID Application";
				COMBINE_HIDPI_IMAGES = YES;
				INFOPLIST_FILE = CapsLockLight/Info.plist;
				LD_RUNPATH_SEARCH_PATHS = "$(inherited) @executable_path/../Frameworks";
				PRODUCT_BUNDLE_IDENTIFIER = com.superpanic.SuperCapsLock;
				PRODUCT_NAME = SuperCapsLock;
			};
			name = Debug;
		};
		35E5CF371D74BBE100B52EF3 /* Release */ = {
			isa = XCBuildConfiguration;
			buildSettings = {
				ASSETCATALOG_COMPILER_APPICON_NAME = AppIcon;
				CODE_SIGN_IDENTITY = "Developer ID Application";
				COMBINE_HIDPI_IMAGES = YES;
				INFOPLIST_FILE = CapsLockLight/Info.plist;
				LD_RUNPATH_SEARCH_PATHS = "$(inherited) @executable_path/../Frameworks";
				PRODUCT_BUNDLE_IDENTIFIER = com.superpanic.SuperCapsLock;
				PRODUCT_NAME = SuperCapsLock;
			};
			name = Release;
		};
/* End XCBuildConfiguration section */

/* Begin XCConfigurationList section */
		35E5CF231D74BBE100B52EF3 /* Build configuration list for PBXProject "SuperCapsLock" */ = {
			isa = XCConfigurationList;
			buildConfigurations = (
				35E5CF331D74BBE100B52EF3 /* Debug */,
				35E5CF341D74BBE100B52EF3 /* Release */,
			);
			defaultConfigurationIsVisible = 0;
			defaultConfigurationName = Release;
		};
		35E5CF351D74BBE100B52EF3 /* Build configuration list for PBXNativeTarget "SuperCapsLock" */ = {
			isa = XCConfigurationList;
			buildConfigurations = (
				35E5CF361D74BBE100B52EF3 /* Debug */,
				35E5CF371D74BBE100B52EF3 /* Release */,
			);
			defaultConfigurationIsVisible = 0;
			defaultConfigurationName = Release;
		};
/* End XCConfigurationList section */
	};
	rootObject = 35E5CF201D74BBE100B52EF3 /* Project object */;
}
